Microsoft Visual Studio Solution File, Format Version 12.00# Visual Studio 2012Project("{FAE04EC0-301F-11D3-BF4B-00C04F79EFBC}") = "Deli.Entities", "Deli.Entities\Deli.Entities.csproj", "{3B3438DB-75F6-496E-B568-20680FB09CBC}"EndProjectProject("{FAE04EC0-301F-11D3-BF4B-00C04F79EFBC}") = "Deli.Daos.Interfaces", "Deli.Daos.Interfaces\Deli.Daos.Interfaces.csproj", "{0126A197-0C67-4435-B5A5-4AD06340E90D}"EndProjectProject("{FAE04EC0-301F-11D3-BF4B-00C04F79EFBC}") = "Deli.Services.Interfaces", "Deli.Services.Interfaces\Deli.Services.Interfaces.csproj", "{B6DF4869-BC31-43B4-82B9-174B86F44AF5}"EndProjectProject("{FAE04EC0-301F-11D3-BF4B-00C04F79EFBC}") = "Deli.Daos", "Deli.Daos\Deli.Daos.csproj", "{D6CDBAE7-E69A-4021-BBB0-8B881B04CEBC}"EndProjectProject("{FAE04EC0-301F-11D3-BF4B-00C04F79EFBC}") = "Deli.Services", "Deli.Services\Deli.Services.csproj", "{A1CC1DDF-06A1-45E2-A0A1-B1188310D189}"EndProjectProject("{FAE04EC0-301F-11D3-BF4B-00C04F79EFBC}") = "Deli.TestData", "Deli.TestData\Deli.TestData.csproj", "{FF473B41-51C8-4058-8448-461C58F05776}"EndProjectProject("{FAE04EC0-301F-11D3-BF4B-00C04F79EFBC}") = "Deli.Daos.Mocks", "Deli.Daos.Mocks\Deli.Daos.Mocks.csproj", "{2742A04E-854D-4EF5-BADE-852A3EBC34F4}"EndProjectProject("{FAE04EC0-301F-11D3-BF4B-00C04F79EFBC}") = "Deli.Daos.Tests", "Deli.Daos.Tests\Deli.Daos.Tests.csproj", "{E697E5C7-17C8-44C9-B34D-219510D968EC}"EndProjectProject("{FAE04EC0-301F-11D3-BF4B-00C04F79EFBC}") = "Deli.Services.Tests", "Deli.Services.Tests\Deli.Services.Tests.csproj", "{9480D917-FC81-4B8A-BC5B-DBC33B0C6E2B}"EndProjectProject("{FAE04EC0-301F-11D3-BF4B-00C04F79EFBC}") = "Deli.Web", "Deli.Web\Deli.Web.csproj", "{CB03D494-CBE0-402D-A209-734D9A74D3FF}"EndProjectProject("{FAE04EC0-301F-11D3-BF4B-00C04F79EFBC}") = "Deli.WebApi", "Deli.WebApi\Deli.WebApi.csproj", "{77234435-D1DC-43BC-AF7D-3923BF53DF27}"EndProjectGlobal	GlobalSection(SolutionConfigurationPlatforms) = preSolution		Debug|Any CPU = Debug|Any CPU		Release|Any CPU = Release|Any CPU	EndGlobalSection	GlobalSection(ProjectConfigurationPlatforms) = postSolution		{3B3438DB-75F6-496E-B568-20680FB09CBC}.Debug|Any CPU.ActiveCfg = Debug|Any CPU		{3B3438DB-75F6-496E-B568-20680FB09CBC}.Debug|Any CPU.Build.0 = Debug|Any CPU		{3B3438DB-75F6-496E-B568-20680FB09CBC}.Release|Any CPU.ActiveCfg = Release|Any CPU		{3B3438DB-75F6-496E-B568-20680FB09CBC}.Release|Any CPU.Build.0 = Release|Any CPU		{0126A197-0C67-4435-B5A5-4AD06340E90D}.Debug|Any CPU.ActiveCfg = Debug|Any CPU		{0126A197-0C67-4435-B5A5-4AD06340E90D}.Debug|Any CPU.Build.0 = Debug|Any CPU		{0126A197-0C67-4435-B5A5-4AD06340E90D}.Release|Any CPU.ActiveCfg = Release|Any CPU		{0126A197-0C67-4435-B5A5-4AD06340E90D}.Release|Any CPU.Build.0 = Release|Any CPU		{B6DF4869-BC31-43B4-82B9-174B86F44AF5}.Debug|Any CPU.ActiveCfg = Debug|Any CPU		{B6DF4869-BC31-43B4-82B9-174B86F44AF5}.Debug|Any CPU.Build.0 = Debug|Any CPU		{B6DF4869-BC31-43B4-82B9-174B86F44AF5}.Release|Any CPU.ActiveCfg = Release|Any CPU		{B6DF4869-BC31-43B4-82B9-174B86F44AF5}.Release|Any CPU.Build.0 = Release|Any CPU		{D6CDBAE7-E69A-4021-BBB0-8B881B04CEBC}.Debug|Any CPU.ActiveCfg = Debug|Any CPU		{D6CDBAE7-E69A-4021-BBB0-8B881B04CEBC}.Debug|Any CPU.Build.0 = Debug|Any CPU		{D6CDBAE7-E69A-4021-BBB0-8B881B04CEBC}.Release|Any CPU.ActiveCfg = Release|Any CPU		{D6CDBAE7-E69A-4021-BBB0-8B881B04CEBC}.Release|Any CPU.Build.0 = Release|Any CPU		{A1CC1DDF-06A1-45E2-A0A1-B1188310D189}.Debug|Any CPU.ActiveCfg = Debug|Any CPU		{A1CC1DDF-06A1-45E2-A0A1-B1188310D189}.Debug|Any CPU.Build.0 = Debug|Any CPU		{A1CC1DDF-06A1-45E2-A0A1-B1188310D189}.Release|Any CPU.ActiveCfg = Release|Any CPU		{A1CC1DDF-06A1-45E2-A0A1-B1188310D189}.Release|Any CPU.Build.0 = Release|Any CPU		{FF473B41-51C8-4058-8448-461C58F05776}.Debug|Any CPU.ActiveCfg = Debug|Any CPU		{FF473B41-51C8-4058-8448-461C58F05776}.Debug|Any CPU.Build.0 = Debug|Any CPU		{FF473B41-51C8-4058-8448-461C58F05776}.Release|Any CPU.ActiveCfg = Release|Any CPU		{FF473B41-51C8-4058-8448-461C58F05776}.Release|Any CPU.Build.0 = Release|Any CPU		{2742A04E-854D-4EF5-BADE-852A3EBC34F4}.Debug|Any CPU.ActiveCfg = Debug|Any CPU		{2742A04E-854D-4EF5-BADE-852A3EBC34F4}.Debug|Any CPU.Build.0 = Debug|Any CPU		{2742A04E-854D-4EF5-BADE-852A3EBC34F4}.Release|Any CPU.ActiveCfg = Release|Any CPU		{2742A04E-854D-4EF5-BADE-852A3EBC34F4}.Release|Any CPU.Build.0 = Release|Any CPU		{E697E5C7-17C8-44C9-B34D-219510D968EC}.Debug|Any CPU.ActiveCfg = Debug|Any CPU		{E697E5C7-17C8-44C9-B34D-219510D968EC}.Debug|Any CPU.Build.0 = Debug|Any CPU		{E697E5C7-17C8-44C9-B34D-219510D968EC}.Release|Any CPU.ActiveCfg = Release|Any CPU		{E697E5C7-17C8-44C9-B34D-219510D968EC}.Release|Any CPU.Build.0 = Release|Any CPU		{9480D917-FC81-4B8A-BC5B-DBC33B0C6E2B}.Debug|Any CPU.ActiveCfg = Debug|Any CPU		{9480D917-FC81-4B8A-BC5B-DBC33B0C6E2B}.Debug|Any CPU.Build.0 = Debug|Any CPU		{9480D917-FC81-4B8A-BC5B-DBC33B0C6E2B}.Release|Any CPU.ActiveCfg = Release|Any CPU		{9480D917-FC81-4B8A-BC5B-DBC33B0C6E2B}.Release|Any CPU.Build.0 = Release|Any CPU		{CB03D494-CBE0-402D-A209-734D9A74D3FF}.Debug|Any CPU.ActiveCfg = Debug|Any CPU		{CB03D494-CBE0-402D-A209-734D9A74D3FF}.Debug|Any CPU.Build.0 = Debug|Any CPU		{CB03D494-CBE0-402D-A209-734D9A74D3FF}.Release|Any CPU.ActiveCfg = Release|Any CPU		{CB03D494-CBE0-402D-A209-734D9A74D3FF}.Release|Any CPU.Build.0 = Release|Any CPU		{77234435-D1DC-43BC-AF7D-3923BF53DF27}.Debug|Any CPU.ActiveCfg = Debug|Any CPU		{77234435-D1DC-43BC-AF7D-3923BF53DF27}.Debug|Any CPU.Build.0 = Debug|Any CPU		{77234435-D1DC-43BC-AF7D-3923BF53DF27}.Release|Any CPU.ActiveCfg = Release|Any CPU		{77234435-D1DC-43BC-AF7D-3923BF53DF27}.Release|Any CPU.Build.0 = Release|Any CPU	EndGlobalSection
	GlobalSection(SolutionProperties) = preSolution		HideSolutionNode = FALSE	EndGlobalSectionEndGlobal